
Microsoft Visual Studio Solution File, Format Version 12.00
# Visual Studio Version 16
VisualStudioVersion = 16.0.30114.105
MinimumVisualStudioVersion = 10.0.40219.1
Project("{FAE04EC0-301F-11D3-BF4B-00C04F79EFBC}") = "AirLineModelClassLibrary", "AirLineModelClassLibrary\AirLineModelClassLibrary.csproj", "{BC00F53C-552E-47D7-89F8-0FEA647C1171}"
EndProject
Project("{FAE04EC0-301F-11D3-BF4B-00C04F79EFBC}") = "AirLineModelAPP", "AirLineModelAPP\AirLineModelAPP.csproj", "{C79356CB-4520-4B63-9C79-173DDD6C4B7C}"
EndProject
Global
	GlobalSection(SolutionConfigurationPlatforms) = preSolution
		Debug|Any CPU = Debug|Any CPU
		Debug|x64 = Debug|x64
		Debug|x86 = Debug|x86
		Release|Any CPU = Release|Any CPU
		Release|x64 = Release|x64
		Release|x86 = Release|x86
	EndGlobalSection
	GlobalSection(ProjectConfigurationPlatforms) = postSolution
		{BC00F53C-552E-47D7-89F8-0FEA647C1171}.Debug|Any CPU.ActiveCfg = Debug|Any CPU
		{BC00F53C-552E-47D7-89F8-0FEA647C1171}.Debug|Any CPU.Build.0 = Debug|Any CPU
		{BC00F53C-552E-47D7-89F8-0FEA647C1171}.Debug|x64.ActiveCfg = Debug|Any CPU
		{BC00F53C-552E-47D7-89F8-0FEA647C1171}.Debug|x64.Build.0 = Debug|Any CPU
		{BC00F53C-552E-47D7-89F8-0FEA647C1171}.Debug|x86.ActiveCfg = Debug|Any CPU
		{BC00F53C-552E-47D7-89F8-0FEA647C1171}.Debug|x86.Build.0 = Debug|Any CPU
		{BC00F53C-552E-47D7-89F8-0FEA647C1171}.Release|Any CPU.ActiveCfg = Release|Any CPU
		{BC00F53C-552E-47D7-89F8-0FEA647C1171}.Release|Any CPU.Build.0 = Release|Any CPU
		{BC00F53C-552E-47D7-89F8-0FEA647C1171}.Release|x64.ActiveCfg = Release|Any CPU
		{BC00F53C-552E-47D7-89F8-0FEA647C1171}.Release|x64.Build.0 = Release|Any CPU
		{BC00F53C-552E-47D7-89F8-0FEA647C1171}.Release|x86.ActiveCfg = Release|Any CPU
		{BC00F53C-552E-47D7-89F8-0FEA647C1171}.Release|x86.Build.0 = Release|Any CPU
		{C79356CB-4520-4B63-9C79-173DDD6C4B7C}.Debug|Any CPU.ActiveCfg = Debug|Any CPU
		{C79356CB-4520-4B63-9C79-173DDD6C4B7C}.Debug|Any CPU.Build.0 = Debug|Any CPU
		{C79356CB-4520-4B63-9C79-173DDD6C4B7C}.Debug|x64.ActiveCfg = Debug|Any CPU
		{C79356CB-4520-4B63-9C79-173DDD6C4B7C}.Debug|x64.Build.0 = Debug|Any CPU
		{C79356CB-4520-4B63-9C79-173DDD6C4B7C}.Debug|x86.ActiveCfg = Debug|Any CPU
		{C79356CB-4520-4B63-9C79-173DDD6C4B7C}.Debug|x86.Build.0 = Debug|Any CPU
		{C79356CB-4520-4B63-9C79-173DDD6C4B7C}.Release|Any CPU.ActiveCfg = Release|Any CPU
		{C79356CB-4520-4B63-9C79-173DDD6C4B7C}.Release|Any CPU.Build.0 = Release|Any CPU
		{C79356CB-4520-4B63-9C79-173DDD6C4B7C}.Release|x64.ActiveCfg = Release|Any CPU
		{C79356CB-4520-4B63-9C79-173DDD6C4B7C}.Release|x64.Build.0 = Release|Any CPU
		{C79356CB-4520-4B63-9C79-173DDD6C4B7C}.Release|x86.ActiveCfg = Release|Any CPU
		{C79356CB-4520-4B63-9C79-173DDD6C4B7C}.Release|x86.Build.0 = Release|Any CPU
	EndGlobalSection
	GlobalSection(SolutionProperties) = preSolution
		HideSolutionNode = FALSE
	EndGlobalSection
	GlobalSection(ExtensibilityGlobals) = postSolution
		SolutionGuid = {13DEC87F-5B55-498A-8D65-1A9B6D9001F1}
	EndGlobalSection
EndGlobal
